// !$*UTF8*$!
{
	archiveVersion = 1;
	classes = {
	};
	objectVersion = 77;
	objects = {

/* Begin PBXBuildFile section */
		00E6C2475629F4481C3AC006 /* LocationDetailView.swift in Sources */ = {isa = PBXBuildFile; fileRef = 9AA4CC43236E38D4E1BF452D /* LocationDetailView.swift */; };
		014E16D9346DD34E60DF9167 /* VoiceTestView.swift in Sources */ = {isa = PBXBuildFile; fileRef = 69E64E9B01495FFAECB9C078 /* VoiceTestView.swift */; };
		0676803DF499CDBF4B64EABE /* MicButton.swift in Sources */ = {isa = PBXBuildFile; fileRef = 9DC822B1BB0B381E05490493 /* MicButton.swift */; };
		10124E705D8F7D073179096E /* AddLocationSheet.swift in Sources */ = {isa = PBXBuildFile; fileRef = B29387831190F4625E90A0FF /* AddLocationSheet.swift */; };
		1A2CC1D698F2E73662323E06 /* VoiceCommandTestPanel.swift in Sources */ = {isa = PBXBuildFile; fileRef = 4E832D496DEA92126DE951B2 /* VoiceCommandTestPanel.swift */; };
		1E3C1ED92AAE2C2F173F5195 /* VoiceInterviewView.swift in Sources */ = {isa = PBXBuildFile; fileRef = 774A368161A193CC458683E6 /* VoiceInterviewView.swift */; };
		33BFCF03F0F395781B9C4655 /* AuthService.swift in Sources */ = {isa = PBXBuildFile; fileRef = DACE3FC798D5A03F969DC090 /* AuthService.swift */; };
		50E7BCD6DF5F374705AE7E5D /* SurveyBoardView.swift in Sources */ = {isa = PBXBuildFile; fileRef = 691F38AD61CAFB9299F26F72 /* SurveyBoardView.swift */; };
		514CD7D1584D8E829EAA76DC /* VoiceInterviewManager.swift in Sources */ = {isa = PBXBuildFile; fileRef = 7FE9C4548BFC14FB93DB192C /* VoiceInterviewManager.swift */; };
		55334DF4081D07214DE6FE94 /* SiteListView.swift in Sources */ = {isa = PBXBuildFile; fileRef = E7C9D8A65FADBD9CB7DF60EE /* SiteListView.swift */; };
		59E29BE80D6B7327DAA0845D /* SiteListViewModel.swift in Sources */ = {isa = PBXBuildFile; fileRef = 7FA4281ED318EDCD3A5CB074 /* SiteListViewModel.swift */; };
		5A3EF309FD8C1D0DAB4BAD5A /* VoiceQuickRefView.swift in Sources */ = {isa = PBXBuildFile; fileRef = D6FB827E40200EAA68F040A1 /* VoiceQuickRefView.swift */; };
		6EFFB534BE90A53D071162F5 /* Site.swift in Sources */ = {isa = PBXBuildFile; fileRef = 4E923DD9F5AFC016FE4D24D9 /* Site.swift */; };
		741E710DE1262C44CD0F2741 /* APIClient.swift in Sources */ = {isa = PBXBuildFile; fileRef = DD7AA276CB86A332F3967FF5 /* APIClient.swift */; };
		8AAEACC44EE9DCA5E7EE4FF8 /* SurveyPhoto.swift in Sources */ = {isa = PBXBuildFile; fileRef = E58E9EA96E559753BFFD35CD /* SurveyPhoto.swift */; };
		A01C2205CB618DEC52AE7CFE /* SpeechOutputTestPanel.swift in Sources */ = {isa = PBXBuildFile; fileRef = 63B7BCFCCD60700C4A802400 /* SpeechOutputTestPanel.swift */; };
		A1664791041BC815BDF3BF3D /* AppEnvironment.swift in Sources */ = {isa = PBXBuildFile; fileRef = E7A617A8243B5C0C1F6AE3B6 /* AppEnvironment.swift */; };
		ABD2E8D856E45A77A8800F74 /* Assets.xcassets in Resources */ = {isa = PBXBuildFile; fileRef = 02676A0FF4CB3BED2DDD94EB /* Assets.xcassets */; };
		B04597AFC3961C77F0B5DCCC /* LocationDetailViewModel.swift in Sources */ = {isa = PBXBuildFile; fileRef = EFF4CD120FEB81FEE2A7F885 /* LocationDetailViewModel.swift */; };
		B092676A8310DBAA82A510BD /* VoiceCommandManager.swift in Sources */ = {isa = PBXBuildFile; fileRef = 9D12F52223A5631C236C7822 /* VoiceCommandManager.swift */; };
		B1EF9C69A7615721E053429D /* SpeechOutputManager.swift in Sources */ = {isa = PBXBuildFile; fileRef = D7924EACD8DE5DDFF625537B /* SpeechOutputManager.swift */; };
		B592856C206256017FC7EB34 /* LoginView.swift in Sources */ = {isa = PBXBuildFile; fileRef = CDECBAFDA4E1DEA72AB552F4 /* LoginView.swift */; };
		BD032685ECBDD3AACBCAFAE8 /* Theme.swift in Sources */ = {isa = PBXBuildFile; fileRef = 742F772111EDFBAB44317FF3 /* Theme.swift */; };
		BFE4259D09FCF1F59B6656B8 /* SurveyLocation.swift in Sources */ = {isa = PBXBuildFile; fileRef = 1683B7036003FCAA0C5438BD /* SurveyLocation.swift */; };
		C33D687421CE45E7E24471BE /* VoiceDebugPanel.swift in Sources */ = {isa = PBXBuildFile; fileRef = 45DA1AAC05F8BCD2E6C482D7 /* VoiceDebugPanel.swift */; };
		C361B550AA8F098AF608E0E5 /* SurveyBoardViewModel.swift in Sources */ = {isa = PBXBuildFile; fileRef = 364D4B0BAFCC0FDA703CB6D0 /* SurveyBoardViewModel.swift */; };
		E241CD044CF0A538DCA0B5AC /* ClaudeInterviewClient.swift in Sources */ = {isa = PBXBuildFile; fileRef = E1E77976F1C0E7F0795A6233 /* ClaudeInterviewClient.swift */; };
		E70BA1A4D7693B62B23D20FA /* PhotoGridView.swift in Sources */ = {isa = PBXBuildFile; fileRef = 12D5B459F8F9A74BB26F369A /* PhotoGridView.swift */; };
		EAB71A4B56833661F28A7987 /* CSMSSurveyApp.swift in Sources */ = {isa = PBXBuildFile; fileRef = BD7741126F21807C1A269CBB /* CSMSSurveyApp.swift */; };
		FDDFC9B33E13B3AA9E85F4B3 /* VoiceTestPhrases.swift in Sources */ = {isa = PBXBuildFile; fileRef = BC326890394BC7E47F85CF42 /* VoiceTestPhrases.swift */; };
/* End PBXBuildFile section */

/* Begin PBXFileReference section */
		02676A0FF4CB3BED2DDD94EB /* Assets.xcassets */ = {isa = PBXFileReference; lastKnownFileType = folder.assetcatalog; path = Assets.xcassets; sourceTree = "<group>"; };
		0B0C5C43A0B18DD371FFDA83 /* CSMSSurvey.app */ = {isa = PBXFileReference; explicitFileType = wrapper.application; includeInIndex = 0; path = CSMSSurvey.app; sourceTree = BUILT_PRODUCTS_DIR; };
		12D5B459F8F9A74BB26F369A /* PhotoGridView.swift */ = {isa = PBXFileReference; lastKnownFileType = sourcecode.swift; path = PhotoGridView.swift; sourceTree = "<group>"; };
		1683B7036003FCAA0C5438BD /* SurveyLocation.swift */ = {isa = PBXFileReference; lastKnownFileType = sourcecode.swift; path = SurveyLocation.swift; sourceTree = "<group>"; };
		364D4B0BAFCC0FDA703CB6D0 /* SurveyBoardViewModel.swift */ = {isa = PBXFileReference; lastKnownFileType = sourcecode.swift; path = SurveyBoardViewModel.swift; sourceTree = "<group>"; };
		45DA1AAC05F8BCD2E6C482D7 /* VoiceDebugPanel.swift */ = {isa = PBXFileReference; lastKnownFileType = sourcecode.swift; path = VoiceDebugPanel.swift; sourceTree = "<group>"; };
		4E832D496DEA92126DE951B2 /* VoiceCommandTestPanel.swift */ = {isa = PBXFileReference; lastKnownFileType = sourcecode.swift; path = VoiceCommandTestPanel.swift; sourceTree = "<group>"; };
		4E923DD9F5AFC016FE4D24D9 /* Site.swift */ = {isa = PBXFileReference; lastKnownFileType = sourcecode.swift; path = Site.swift; sourceTree = "<group>"; };
		56982D25A2319D3D7D57BC5A /* Debug.xcconfig */ = {isa = PBXFileReference; lastKnownFileType = text.xcconfig; path = Debug.xcconfig; sourceTree = "<group>"; };
		5D937A5FB660358847CD7899 /* Info.plist */ = {isa = PBXFileReference; lastKnownFileType = text.plist; path = Info.plist; sourceTree = "<group>"; };
		60603ABEA715D3E98D41201B /* Release.xcconfig */ = {isa = PBXFileReference; lastKnownFileType = text.xcconfig; path = Release.xcconfig; sourceTree = "<group>"; };
		63B7BCFCCD60700C4A802400 /* SpeechOutputTestPanel.swift */ = {isa = PBXFileReference; lastKnownFileType = sourcecode.swift; path = SpeechOutputTestPanel.swift; sourceTree = "<group>"; };
		691F38AD61CAFB9299F26F72 /* SurveyBoardView.swift */ = {isa = PBXFileReference; lastKnownFileType = sourcecode.swift; path = SurveyBoardView.swift; sourceTree = "<group>"; };
		69E64E9B01495FFAECB9C078 /* VoiceTestView.swift */ = {isa = PBXFileReference; lastKnownFileType = sourcecode.swift; path = VoiceTestView.swift; sourceTree = "<group>"; };
		742F772111EDFBAB44317FF3 /* Theme.swift */ = {isa = PBXFileReference; lastKnownFileType = sourcecode.swift; path = Theme.swift; sourceTree = "<group>"; };
		774A368161A193CC458683E6 /* VoiceInterviewView.swift */ = {isa = PBXFileReference; lastKnownFileType = sourcecode.swift; path = VoiceInterviewView.swift; sourceTree = "<group>"; };
		7FA4281ED318EDCD3A5CB074 /* SiteListViewModel.swift */ = {isa = PBXFileReference; lastKnownFileType = sourcecode.swift; path = SiteListViewModel.swift; sourceTree = "<group>"; };
		7FE9C4548BFC14FB93DB192C /* VoiceInterviewManager.swift */ = {isa = PBXFileReference; lastKnownFileType = sourcecode.swift; path = VoiceInterviewManager.swift; sourceTree = "<group>"; };
		9AA4CC43236E38D4E1BF452D /* LocationDetailView.swift */ = {isa = PBXFileReference; lastKnownFileType = sourcecode.swift; path = LocationDetailView.swift; sourceTree = "<group>"; };
		9D12F52223A5631C236C7822 /* VoiceCommandManager.swift */ = {isa = PBXFileReference; lastKnownFileType = sourcecode.swift; path = VoiceCommandManager.swift; sourceTree = "<group>"; };
		9DC822B1BB0B381E05490493 /* MicButton.swift */ = {isa = PBXFileReference; lastKnownFileType = sourcecode.swift; path = MicButton.swift; sourceTree = "<group>"; };
		B29387831190F4625E90A0FF /* AddLocationSheet.swift */ = {isa = PBXFileReference; lastKnownFileType = sourcecode.swift; path = AddLocationSheet.swift; sourceTree = "<group>"; };
		BC326890394BC7E47F85CF42 /* VoiceTestPhrases.swift */ = {isa = PBXFileReference; lastKnownFileType = sourcecode.swift; path = VoiceTestPhrases.swift; sourceTree = "<group>"; };
		BD7741126F21807C1A269CBB /* CSMSSurveyApp.swift */ = {isa = PBXFileReference; lastKnownFileType = sourcecode.swift; path = CSMSSurveyApp.swift; sourceTree = "<group>"; };
		CDECBAFDA4E1DEA72AB552F4 /* LoginView.swift */ = {isa = PBXFileReference; lastKnownFileType = sourcecode.swift; path = LoginView.swift; sourceTree = "<group>"; };
		D6FB827E40200EAA68F040A1 /* VoiceQuickRefView.swift */ = {isa = PBXFileReference; lastKnownFileType = sourcecode.swift; path = VoiceQuickRefView.swift; sourceTree = "<group>"; };
		D7924EACD8DE5DDFF625537B /* SpeechOutputManager.swift */ = {isa = PBXFileReference; lastKnownFileType = sourcecode.swift; path = SpeechOutputManager.swift; sourceTree = "<group>"; };
		DACE3FC798D5A03F969DC090 /* AuthService.swift */ = {isa = PBXFileReference; lastKnownFileType = sourcecode.swift; path = AuthService.swift; sourceTree = "<group>"; };
		DD7AA276CB86A332F3967FF5 /* APIClient.swift */ = {isa = PBXFileReference; lastKnownFileType = sourcecode.swift; path = APIClient.swift; sourceTree = "<group>"; };
		E1E77976F1C0E7F0795A6233 /* ClaudeInterviewClient.swift */ = {isa = PBXFileReference; lastKnownFileType = sourcecode.swift; path = ClaudeInterviewClient.swift; sourceTree = "<group>"; };
		E58E9EA96E559753BFFD35CD /* SurveyPhoto.swift */ = {isa = PBXFileReference; lastKnownFileType = sourcecode.swift; path = SurveyPhoto.swift; sourceTree = "<group>"; };
		E7A617A8243B5C0C1F6AE3B6 /* AppEnvironment.swift */ = {isa = PBXFileReference; lastKnownFileType = sourcecode.swift; path = AppEnvironment.swift; sourceTree = "<group>"; };
		E7C9D8A65FADBD9CB7DF60EE /* SiteListView.swift */ = {isa = PBXFileReference; lastKnownFileType = sourcecode.swift; path = SiteListView.swift; sourceTree = "<group>"; };
		EFF4CD120FEB81FEE2A7F885 /* LocationDetailViewModel.swift */ = {isa = PBXFileReference; lastKnownFileType = sourcecode.swift; path = LocationDetailViewModel.swift; sourceTree = "<group>"; };
/* End PBXFileReference section */

/* Begin PBXGroup section */
		032FBBA393B750CDF84C7B0F /* ViewModels */ = {
			isa = PBXGroup;
			children = (
				EFF4CD120FEB81FEE2A7F885 /* LocationDetailViewModel.swift */,
				7FA4281ED318EDCD3A5CB074 /* SiteListViewModel.swift */,
				364D4B0BAFCC0FDA703CB6D0 /* SurveyBoardViewModel.swift */,
			);
			path = ViewModels;
			sourceTree = "<group>";
		};
		1EB73AF109CD709E1C5D4CAD = {
			isa = PBXGroup;
			children = (
				A5DB49DE3445A4A2C8147321 /* CSMSSurvey */,
				2A11782677A0BB5AA40A4BB2 /* ios */,
				42FCD0C6C38B9BE300734250 /* Products */,
			);
			sourceTree = "<group>";
		};
		2A11782677A0BB5AA40A4BB2 /* ios */ = {
			isa = PBXGroup;
			children = (
				56982D25A2319D3D7D57BC5A /* Debug.xcconfig */,
				60603ABEA715D3E98D41201B /* Release.xcconfig */,
			);
			name = ios;
			path = .;
			sourceTree = "<group>";
		};
		42FCD0C6C38B9BE300734250 /* Products */ = {
			isa = PBXGroup;
			children = (
				0B0C5C43A0B18DD371FFDA83 /* CSMSSurvey.app */,
			);
			name = Products;
			sourceTree = "<group>";
		};
		444EAAC6E6E3153224927168 /* Developer */ = {
			isa = PBXGroup;
			children = (
				63B7BCFCCD60700C4A802400 /* SpeechOutputTestPanel.swift */,
				4E832D496DEA92126DE951B2 /* VoiceCommandTestPanel.swift */,
				45DA1AAC05F8BCD2E6C482D7 /* VoiceDebugPanel.swift */,
				69E64E9B01495FFAECB9C078 /* VoiceTestView.swift */,
			);
			path = Developer;
			sourceTree = "<group>";
		};
		49B0FC9B235B3F8CB6871C0E /* Auth */ = {
			isa = PBXGroup;
			children = (
				CDECBAFDA4E1DEA72AB552F4 /* LoginView.swift */,
			);
			path = Auth;
			sourceTree = "<group>";
		};
		546379F33ED7416F3C38F65F /* App */ = {
			isa = PBXGroup;
			children = (
				E7A617A8243B5C0C1F6AE3B6 /* AppEnvironment.swift */,
				BD7741126F21807C1A269CBB /* CSMSSurveyApp.swift */,
				742F772111EDFBAB44317FF3 /* Theme.swift */,
			);
			path = App;
			sourceTree = "<group>";
		};
		61A2D64C1D562BA5AA06516E /* Survey */ = {
			isa = PBXGroup;
			children = (
				B29387831190F4625E90A0FF /* AddLocationSheet.swift */,
				9AA4CC43236E38D4E1BF452D /* LocationDetailView.swift */,
				9DC822B1BB0B381E05490493 /* MicButton.swift */,
				12D5B459F8F9A74BB26F369A /* PhotoGridView.swift */,
				E7C9D8A65FADBD9CB7DF60EE /* SiteListView.swift */,
				691F38AD61CAFB9299F26F72 /* SurveyBoardView.swift */,
				774A368161A193CC458683E6 /* VoiceInterviewView.swift */,
				D6FB827E40200EAA68F040A1 /* VoiceQuickRefView.swift */,
			);
			path = Survey;
			sourceTree = "<group>";
		};
		977FD40349824C6951A93927 /* Models */ = {
			isa = PBXGroup;
			children = (
				4E923DD9F5AFC016FE4D24D9 /* Site.swift */,
				1683B7036003FCAA0C5438BD /* SurveyLocation.swift */,
				E58E9EA96E559753BFFD35CD /* SurveyPhoto.swift */,
			);
			path = Models;
			sourceTree = "<group>";
		};
		97AFB2CF0B08F1EB2D11A17D /* Voice */ = {
			isa = PBXGroup;
			children = (
				D7924EACD8DE5DDFF625537B /* SpeechOutputManager.swift */,
				9D12F52223A5631C236C7822 /* VoiceCommandManager.swift */,
				7FE9C4548BFC14FB93DB192C /* VoiceInterviewManager.swift */,
				BC326890394BC7E47F85CF42 /* VoiceTestPhrases.swift */,
			);
			path = Voice;
			sourceTree = "<group>";
		};
		A5DB49DE3445A4A2C8147321 /* CSMSSurvey */ = {
			isa = PBXGroup;
			children = (
				546379F33ED7416F3C38F65F /* App */,
				977FD40349824C6951A93927 /* Models */,
				A7442B47B6BD918B4B49A414 /* Resources */,
				BEE8BBAC1A5A068FCB4DB315 /* Services */,
				032FBBA393B750CDF84C7B0F /* ViewModels */,
				E6B71C2ECBBAA1012C698AA2 /* Views */,
				97AFB2CF0B08F1EB2D11A17D /* Voice */,
			);
			path = CSMSSurvey;
			sourceTree = "<group>";
		};
		A7442B47B6BD918B4B49A414 /* Resources */ = {
			isa = PBXGroup;
			children = (
				02676A0FF4CB3BED2DDD94EB /* Assets.xcassets */,
				5D937A5FB660358847CD7899 /* Info.plist */,
			);
			path = Resources;
			sourceTree = "<group>";
		};
		BEE8BBAC1A5A068FCB4DB315 /* Services */ = {
			isa = PBXGroup;
			children = (
				DD7AA276CB86A332F3967FF5 /* APIClient.swift */,
				DACE3FC798D5A03F969DC090 /* AuthService.swift */,
				E1E77976F1C0E7F0795A6233 /* ClaudeInterviewClient.swift */,
			);
			path = Services;
			sourceTree = "<group>";
		};
		E6B71C2ECBBAA1012C698AA2 /* Views */ = {
			isa = PBXGroup;
			children = (
				49B0FC9B235B3F8CB6871C0E /* Auth */,
				444EAAC6E6E3153224927168 /* Developer */,
				61A2D64C1D562BA5AA06516E /* Survey */,
			);
			path = Views;
			sourceTree = "<group>";
		};
/* End PBXGroup section */

/* Begin PBXNativeTarget section */
		E645186BCEDFA2D26BD3DF49 /* CSMSSurvey */ = {
			isa = PBXNativeTarget;
			buildConfigurationList = CF3B37B5879583770DDB88A3 /* Build configuration list for PBXNativeTarget "CSMSSurvey" */;
			buildPhases = (
				A8A7FE7204832CC6D6B46E94 /* Sources */,
				190927F929187C49960043DD /* Resources */,
			);
			buildRules = (
			);
			dependencies = (
			);
			name = CSMSSurvey;
			packageProductDependencies = (
			);
			productName = CSMSSurvey;
			productReference = 0B0C5C43A0B18DD371FFDA83 /* CSMSSurvey.app */;
			productType = "com.apple.product-type.application";
		};
/* End PBXNativeTarget section */

/* Begin PBXProject section */
		A44E4D93D1BC30D5251560E9 /* Project object */ = {
			isa = PBXProject;
			attributes = {
				BuildIndependentTargetsInParallel = YES;
				LastUpgradeCheck = 1500;
				TargetAttributes = {
					E645186BCEDFA2D26BD3DF49 = {
						ProvisioningStyle = Automatic;
					};
				};
			};
			buildConfigurationList = 86B630C050CF36D4BA68EE46 /* Build configuration list for PBXProject "CSMSSurvey" */;
			developmentRegion = en;
			hasScannedForEncodings = 0;
			knownRegions = (
				Base,
				en,
			);
			mainGroup = 1EB73AF109CD709E1C5D4CAD;
			minimizedProjectReferenceProxies = 1;
			preferredProjectObjectVersion = 77;
			productRefGroup = 42FCD0C6C38B9BE300734250 /* Products */;
			projectDirPath = "";
			projectRoot = "";
			targets = (
				E645186BCEDFA2D26BD3DF49 /* CSMSSurvey */,
			);
		};
/* End PBXProject section */

/* Begin PBXResourcesBuildPhase section */
		190927F929187C49960043DD /* Resources */ = {
			isa = PBXResourcesBuildPhase;
			buildActionMask = 2147483647;
			files = (
				ABD2E8D856E45A77A8800F74 /* Assets.xcassets in Resources */,
			);
			runOnlyForDeploymentPostprocessing = 0;
		};
/* End PBXResourcesBuildPhase section */

/* Begin PBXSourcesBuildPhase section */
		A8A7FE7204832CC6D6B46E94 /* Sources */ = {
			isa = PBXSourcesBuildPhase;
			buildActionMask = 2147483647;
			files = (
				741E710DE1262C44CD0F2741 /* APIClient.swift in Sources */,
				10124E705D8F7D073179096E /* AddLocationSheet.swift in Sources */,
				A1664791041BC815BDF3BF3D /* AppEnvironment.swift in Sources */,
				33BFCF03F0F395781B9C4655 /* AuthService.swift in Sources */,
				EAB71A4B56833661F28A7987 /* CSMSSurveyApp.swift in Sources */,
				E241CD044CF0A538DCA0B5AC /* ClaudeInterviewClient.swift in Sources */,
				00E6C2475629F4481C3AC006 /* LocationDetailView.swift in Sources */,
				B04597AFC3961C77F0B5DCCC /* LocationDetailViewModel.swift in Sources */,
				B592856C206256017FC7EB34 /* LoginView.swift in Sources */,
				0676803DF499CDBF4B64EABE /* MicButton.swift in Sources */,
				E70BA1A4D7693B62B23D20FA /* PhotoGridView.swift in Sources */,
				6EFFB534BE90A53D071162F5 /* Site.swift in Sources */,
				55334DF4081D07214DE6FE94 /* SiteListView.swift in Sources */,
				59E29BE80D6B7327DAA0845D /* SiteListViewModel.swift in Sources */,
				B1EF9C69A7615721E053429D /* SpeechOutputManager.swift in Sources */,
				A01C2205CB618DEC52AE7CFE /* SpeechOutputTestPanel.swift in Sources */,
				50E7BCD6DF5F374705AE7E5D /* SurveyBoardView.swift in Sources */,
				C361B550AA8F098AF608E0E5 /* SurveyBoardViewModel.swift in Sources */,
				BFE4259D09FCF1F59B6656B8 /* SurveyLocation.swift in Sources */,
				8AAEACC44EE9DCA5E7EE4FF8 /* SurveyPhoto.swift in Sources */,
				BD032685ECBDD3AACBCAFAE8 /* Theme.swift in Sources */,
				B092676A8310DBAA82A510BD /* VoiceCommandManager.swift in Sources */,
				1A2CC1D698F2E73662323E06 /* VoiceCommandTestPanel.swift in Sources */,
				C33D687421CE45E7E24471BE /* VoiceDebugPanel.swift in Sources */,
				514CD7D1584D8E829EAA76DC /* VoiceInterviewManager.swift in Sources */,
				1E3C1ED92AAE2C2F173F5195 /* VoiceInterviewView.swift in Sources */,
				5A3EF309FD8C1D0DAB4BAD5A /* VoiceQuickRefView.swift in Sources */,
				FDDFC9B33E13B3AA9E85F4B3 /* VoiceTestPhrases.swift in Sources */,
				014E16D9346DD34E60DF9167 /* VoiceTestView.swift in Sources */,
			);
			runOnlyForDeploymentPostprocessing = 0;
		};
/* End PBXSourcesBuildPhase section */

/* Begin XCBuildConfiguration section */
		2A8C66BC3502996A8BD189EA /* Release */ = {
			isa = XCBuildConfiguration;
			baseConfigurationReference = 60603ABEA715D3E98D41201B /* Release.xcconfig */;
			buildSettings = {
				ALWAYS_SEARCH_USER_PATHS = NO;
				CLANG_ANALYZER_NONNULL = YES;
				CLANG_ANALYZER_NUMBER_OBJECT_CONVERSION = YES_AGGRESSIVE;
				CLANG_CXX_LANGUAGE_STANDARD = "gnu++14";
				CLANG_CXX_LIBRARY = "libc++";
				CLANG_ENABLE_MODULES = YES;
				CLANG_ENABLE_OBJC_ARC = YES;
				CLANG_ENABLE_OBJC_WEAK = YES;
				CLANG_WARN_BLOCK_CAPTURE_AUTORELEASING = YES;
				CLANG_WARN_BOOL_CONVERSION = YES;
				CLANG_WARN_COMMA = YES;
				CLANG_WARN_CONSTANT_CONVERSION = YES;
				CLANG_WARN_DEPRECATED_OBJC_IMPLEMENTATIONS = YES;
				CLANG_WARN_DIRECT_OBJC_ISA_USAGE = YES_ERROR;
				CLANG_WARN_DOCUMENTATION_COMMENTS = YES;
				CLANG_WARN_EMPTY_BODY = YES;
				CLANG_WARN_ENUM_CONVERSION = YES;
				CLANG_WARN_INFINITE_RECURSION = YES;
				CLANG_WARN_INT_CONVERSION = YES;
				CLANG_WARN_NON_LITERAL_NULL_CONVERSION = YES;
				CLANG_WARN_OBJC_IMPLICIT_RETAIN_SELF = YES;
				CLANG_WARN_OBJC_LITERAL_CONVERSION = YES;
				CLANG_WARN_OBJC_ROOT_CLASS = YES_ERROR;
				CLANG_WARN_QUOTED_INCLUDE_IN_FRAMEWORK_HEADER = YES;
				CLANG_WARN_RANGE_LOOP_ANALYSIS = YES;
				CLANG_WARN_STRICT_PROTOTYPES = YES;
				CLANG_WARN_SUSPICIOUS_MOVE = YES;
				CLANG_WARN_UNGUARDED_AVAILABILITY = YES_AGGRESSIVE;
				CLANG_WARN_UNREACHABLE_CODE = YES;
				CLANG_WARN__DUPLICATE_METHOD_MATCH = YES;
				COPY_PHASE_STRIP = NO;
				DEBUG_INFORMATION_FORMAT = "dwarf-with-dsym";
				ENABLE_NS_ASSERTIONS = NO;
				ENABLE_STRICT_OBJC_MSGSEND = YES;
				GCC_C_LANGUAGE_STANDARD = gnu11;
				GCC_NO_COMMON_BLOCKS = YES;
				GCC_WARN_64_TO_32_BIT_CONVERSION = YES;
				GCC_WARN_ABOUT_RETURN_TYPE = YES_ERROR;
				GCC_WARN_UNDECLARED_SELECTOR = YES;
				GCC_WARN_UNINITIALIZED_AUTOS = YES_AGGRESSIVE;
				GCC_WARN_UNUSED_FUNCTION = YES;
				GCC_WARN_UNUSED_VARIABLE = YES;
				IPHONEOS_DEPLOYMENT_TARGET = 17.0;
				MTL_ENABLE_DEBUG_INFO = NO;
				MTL_FAST_MATH = YES;
				PRODUCT_NAME = "$(TARGET_NAME)";
				SDKROOT = iphoneos;
				SWIFT_COMPILATION_MODE = wholemodule;
				SWIFT_OPTIMIZATION_LEVEL = "-O";
				SWIFT_VERSION = 5.0;
			};
			name = Release;
		};
		6D4BB47BEF71B4059C180B46 /* Debug */ = {
			isa = XCBuildConfiguration;
			buildSettings = {
				API_BASE_HOST = "$(API_BASE_HOST)";
				API_BASE_SCHEME = "$(API_BASE_SCHEME)";
				ASSETCATALOG_COMPILER_APPICON_NAME = AppIcon;
				ASSETCATALOG_COMPILER_GLOBAL_ACCENT_COLOR_NAME = AccentColor;
				CLAUDE_API_KEY = "$(CLAUDE_API_KEY)";
				CODE_SIGN_IDENTITY = "iPhone Developer";
				CODE_SIGN_STYLE = Automatic;
				CURRENT_PROJECT_VERSION = 1;
				DEBUG_INFORMATION_FORMAT = "dwarf-with-dsym";
				DEVELOPMENT_TEAM = VPA64V23J9;
				INFOPLIST_FILE = CSMSSurvey/Resources/Info.plist;
				LD_RUNPATH_SEARCH_PATHS = (
					"$(inherited)",
					"@executable_path/Frameworks",
				);
				MARKETING_VERSION = 1.0;
				PRODUCT_BUNDLE_IDENTIFIER = com.digitalsupportsystems.CSMSSurvey;
				SDKROOT = iphoneos;
				SWIFT_ACTIVE_COMPILATION_CONDITIONS = DEBUG;
				SWIFT_OPTIMIZATION_LEVEL = "-Onone";
				SWIFT_VERSION = 5.9;
				TARGETED_DEVICE_FAMILY = "1,2";
			};
			name = Debug;
		};
		85827E500B7D9FD04067AA20 /* Debug */ = {
			isa = XCBuildConfiguration;
			baseConfigurationReference = 56982D25A2319D3D7D57BC5A /* Debug.xcconfig */;
			buildSettings = {
				ALWAYS_SEARCH_USER_PATHS = NO;
				CLANG_ANALYZER_NONNULL = YES;
				CLANG_ANALYZER_NUMBER_OBJECT_CONVERSION = YES_AGGRESSIVE;
				CLANG_CXX_LANGUAGE_STANDARD = "gnu++14";
				CLANG_CXX_LIBRARY = "libc++";
				CLANG_ENABLE_MODULES = YES;
				CLANG_ENABLE_OBJC_ARC = YES;
				CLANG_ENABLE_OBJC_WEAK = YES;
				CLANG_WARN_BLOCK_CAPTURE_AUTORELEASING = YES;
				CLANG_WARN_BOOL_CONVERSION = YES;
				CLANG_WARN_COMMA = YES;
				CLANG_WARN_CONSTANT_CONVERSION = YES;
				CLANG_WARN_DEPRECATED_OBJC_IMPLEMENTATIONS = YES;
				CLANG_WARN_DIRECT_OBJC_ISA_USAGE = YES_ERROR;
				CLANG_WARN_DOCUMENTATION_COMMENTS = YES;
				CLANG_WARN_EMPTY_BODY = YES;
				CLANG_WARN_ENUM_CONVERSION = YES;
				CLANG_WARN_INFINITE_RECURSION = YES;
				CLANG_WARN_INT_CONVERSION = YES;
				CLANG_WARN_NON_LITERAL_NULL_CONVERSION = YES;
				CLANG_WARN_OBJC_IMPLICIT_RETAIN_SELF = YES;
				CLANG_WARN_OBJC_LITERAL_CONVERSION = YES;
				CLANG_WARN_OBJC_ROOT_CLASS = YES_ERROR;
				CLANG_WARN_QUOTED_INCLUDE_IN_FRAMEWORK_HEADER = YES;
				CLANG_WARN_RANGE_LOOP_ANALYSIS = YES;
				CLANG_WARN_STRICT_PROTOTYPES = YES;
				CLANG_WARN_SUSPICIOUS_MOVE = YES;
				CLANG_WARN_UNGUARDED_AVAILABILITY = YES_AGGRESSIVE;
				CLANG_WARN_UNREACHABLE_CODE = YES;
				CLANG_WARN__DUPLICATE_METHOD_MATCH = YES;
				COPY_PHASE_STRIP = NO;
				DEBUG_INFORMATION_FORMAT = dwarf;
				ENABLE_STRICT_OBJC_MSGSEND = YES;
				ENABLE_TESTABILITY = YES;
				GCC_C_LANGUAGE_STANDARD = gnu11;
				GCC_DYNAMIC_NO_PIC = NO;
				GCC_NO_COMMON_BLOCKS = YES;
				GCC_OPTIMIZATION_LEVEL = 0;
				GCC_PREPROCESSOR_DEFINITIONS = (
					"$(inherited)",
					"DEBUG=1",
				);
				GCC_WARN_64_TO_32_BIT_CONVERSION = YES;
				GCC_WARN_ABOUT_RETURN_TYPE = YES_ERROR;
				GCC_WARN_UNDECLARED_SELECTOR = YES;
				GCC_WARN_UNINITIALIZED_AUTOS = YES_AGGRESSIVE;
				GCC_WARN_UNUSED_FUNCTION = YES;
				GCC_WARN_UNUSED_VARIABLE = YES;
				IPHONEOS_DEPLOYMENT_TARGET = 17.0;
				MTL_ENABLE_DEBUG_INFO = INCLUDE_SOURCE;
				MTL_FAST_MATH = YES;
				ONLY_ACTIVE_ARCH = YES;
				PRODUCT_NAME = "$(TARGET_NAME)";
				SDKROOT = iphoneos;
				SWIFT_ACTIVE_COMPILATION_CONDITIONS = DEBUG;
				SWIFT_OPTIMIZATION_LEVEL = "-Onone";
				SWIFT_VERSION = 5.0;
			};
			name = Debug;
		};
		ABFADB2C6175936E438F7D07 /* Release */ = {
			isa = XCBuildConfiguration;
			buildSettings = {
				API_BASE_HOST = "$(API_BASE_HOST)";
				API_BASE_SCHEME = "$(API_BASE_SCHEME)";
				ASSETCATALOG_COMPILER_APPICON_NAME = AppIcon;
				ASSETCATALOG_COMPILER_GLOBAL_ACCENT_COLOR_NAME = AccentColor;
				CLAUDE_API_KEY = "$(CLAUDE_API_KEY)";
				CODE_SIGN_IDENTITY = "iPhone Developer";
				CODE_SIGN_STYLE = Automatic;
				CURRENT_PROJECT_VERSION = 1;
				DEBUG_INFORMATION_FORMAT = "dwarf-with-dsym";
				DEVELOPMENT_TEAM = VPA64V23J9;
				INFOPLIST_FILE = CSMSSurvey/Resources/Info.plist;
				LD_RUNPATH_SEARCH_PATHS = (
					"$(inherited)",
					"@executable_path/Frameworks",
				);
				MARKETING_VERSION = 1.0;
				PRODUCT_BUNDLE_IDENTIFIER = com.digitalsupportsystems.CSMSSurvey;
				SDKROOT = iphoneos;
				SWIFT_OPTIMIZATION_LEVEL = "-O";
				SWIFT_VERSION = 5.9;
				TARGETED_DEVICE_FAMILY = "1,2";
			};
			name = Release;
		};
/* End XCBuildConfiguration section */

/* Begin XCConfigurationList section */
		86B630C050CF36D4BA68EE46 /* Build configuration list for PBXProject "CSMSSurvey" */ = {
			isa = XCConfigurationList;
			buildConfigurations = (
				85827E500B7D9FD04067AA20 /* Debug */,
				2A8C66BC3502996A8BD189EA /* Release */,
			);
			defaultConfigurationIsVisible = 0;
			defaultConfigurationName = Debug;
		};
		CF3B37B5879583770DDB88A3 /* Build configuration list for PBXNativeTarget "CSMSSurvey" */ = {
			isa = XCConfigurationList;
			buildConfigurations = (
				6D4BB47BEF71B4059C180B46 /* Debug */,
				ABFADB2C6175936E438F7D07 /* Release */,
			);
			defaultConfigurationIsVisible = 0;
			defaultConfigurationName = Debug;
		};
/* End XCConfigurationList section */
	};
	rootObject = A44E4D93D1BC30D5251560E9 /* Project object */;
}
